
Microsoft Visual Studio Solution File, Format Version 12.00
# Visual Studio Version 16
VisualStudioVersion = 16.0.29411.108
MinimumVisualStudioVersion = 10.0.40219.1
Project("{FAE04EC0-301F-11D3-BF4B-00C04F79EFBC}") = "Janda.CTF.Telnet", "Janda.CTF.Telnet\Janda.CTF.Telnet.csproj", "{75440074-7B8A-40B0-9B1C-DBCFBC8E9A09}"
EndProject
Project("{FAE04EC0-301F-11D3-BF4B-00C04F79EFBC}") = "Janda.CTF.Telnet.Template", "Janda.CTF.Telnet.Template\Janda.CTF.Telnet.Template.csproj", "{6DF54567-63EE-44EB-AEF6-2AC34DF8897B}"
EndProject
Global
	GlobalSection(SolutionProperties) = preSolution
		HideSolutionNode = FALSE
	EndGlobalSection
	GlobalSection(SolutionConfigurationPlatforms) = preSolution
		Debug|Any CPU = Debug|Any CPU
		Debug|x64 = Debug|x64
		Debug|x86 = Debug|x86
		Release|Any CPU = Release|Any CPU
		Release|x64 = Release|x64
		Release|x86 = Release|x86
	EndGlobalSection
	GlobalSection(ProjectConfigurationPlatforms) = postSolution
		{75440074-7B8A-40B0-9B1C-DBCFBC8E9A09}.Debug|Any CPU.ActiveCfg = Debug|Any CPU
		{75440074-7B8A-40B0-9B1C-DBCFBC8E9A09}.Debug|Any CPU.Build.0 = Debug|Any CPU
		{75440074-7B8A-40B0-9B1C-DBCFBC8E9A09}.Debug|x64.ActiveCfg = Debug|Any CPU
		{75440074-7B8A-40B0-9B1C-DBCFBC8E9A09}.Debug|x64.Build.0 = Debug|Any CPU
		{75440074-7B8A-40B0-9B1C-DBCFBC8E9A09}.Debug|x86.ActiveCfg = Debug|Any CPU
		{75440074-7B8A-40B0-9B1C-DBCFBC8E9A09}.Debug|x86.Build.0 = Debug|Any CPU
		{75440074-7B8A-40B0-9B1C-DBCFBC8E9A09}.Release|Any CPU.ActiveCfg = Release|Any CPU
		{75440074-7B8A-40B0-9B1C-DBCFBC8E9A09}.Release|Any CPU.Build.0 = Release|Any CPU
		{75440074-7B8A-40B0-9B1C-DBCFBC8E9A09}.Release|x64.ActiveCfg = Release|Any CPU
		{75440074-7B8A-40B0-9B1C-DBCFBC8E9A09}.Release|x64.Build.0 = Release|Any CPU
		{75440074-7B8A-40B0-9B1C-DBCFBC8E9A09}.Release|x86.ActiveCfg = Release|Any CPU
		{75440074-7B8A-40B0-9B1C-DBCFBC8E9A09}.Release|x86.Build.0 = Release|Any CPU
		{6DF54567-63EE-44EB-AEF6-2AC34DF8897B}.Debug|Any CPU.ActiveCfg = Debug|Any CPU
		{6DF54567-63EE-44EB-AEF6-2AC34DF8897B}.Debug|Any CPU.Build.0 = Debug|Any CPU
		{6DF54567-63EE-44EB-AEF6-2AC34DF8897B}.Debug|x64.ActiveCfg = Debug|Any CPU
		{6DF54567-63EE-44EB-AEF6-2AC34DF8897B}.Debug|x64.Build.0 = Debug|Any CPU
		{6DF54567-63EE-44EB-AEF6-2AC34DF8897B}.Debug|x86.ActiveCfg = Debug|Any CPU
		{6DF54567-63EE-44EB-AEF6-2AC34DF8897B}.Debug|x86.Build.0 = Debug|Any CPU
		{6DF54567-63EE-44EB-AEF6-2AC34DF8897B}.Release|Any CPU.ActiveCfg = Release|Any CPU
		{6DF54567-63EE-44EB-AEF6-2AC34DF8897B}.Release|Any CPU.Build.0 = Release|Any CPU
		{6DF54567-63EE-44EB-AEF6-2AC34DF8897B}.Release|x64.ActiveCfg = Release|Any CPU
		{6DF54567-63EE-44EB-AEF6-2AC34DF8897B}.Release|x64.Build.0 = Release|Any CPU
		{6DF54567-63EE-44EB-AEF6-2AC34DF8897B}.Release|x86.ActiveCfg = Release|Any CPU
		{6DF54567-63EE-44EB-AEF6-2AC34DF8897B}.Release|x86.Build.0 = Release|Any CPU
	EndGlobalSection
EndGlobal
